
Microsoft Visual Studio Solution File, Format Version 12.00
# Visual Studio Version 17
VisualStudioVersion = 17.2.32630.192
MinimumVisualStudioVersion = 10.0.40219.1
Project("{FAE04EC0-301F-11D3-BF4B-00C04F79EFBC}") = "Aplicacion 2", "Aplicacon 2\Aplicacion 2.csproj", "{751972AE-BB06-4CCE-8763-0215AA27C0F1}"
EndProject
Global
	GlobalSection(SolutionConfigurationPlatforms) = preSolution
		Debug|Any CPU = Debug|Any CPU
		Release|Any CPU = Release|Any CPU
	EndGlobalSection
	GlobalSection(ProjectConfigurationPlatforms) = postSolution
		{751972AE-BB06-4CCE-8763-0215AA27C0F1}.Debug|Any CPU.ActiveCfg = Debug|Any CPU
		{751972AE-BB06-4CCE-8763-0215AA27C0F1}.Debug|Any CPU.Build.0 = Debug|Any CPU
		{751972AE-BB06-4CCE-8763-0215AA27C0F1}.Release|Any CPU.ActiveCfg = Release|Any CPU
		{751972AE-BB06-4CCE-8763-0215AA27C0F1}.Release|Any CPU.Build.0 = Release|Any CPU
	EndGlobalSection
	GlobalSection(SolutionProperties) = preSolution
		HideSolutionNode = FALSE
	EndGlobalSection
	GlobalSection(ExtensibilityGlobals) = postSolution
		SolutionGuid = {A8801BFE-F135-4812-80E1-425F592D0979}
	EndGlobalSection
EndGlobal
